github.com/bradfitz/latlong v0.0.0-20170410180902-f3db6d0dff40/go.mod h1:ZcXX9BndVQx6Q/JM6B8x7dLE9sl20S+TQsv4KO7tEQk=
github.com/cespare/xxhash v1.0.0/go.mod h1:fX/lfQBkSCDXZSUgv6jVIu/EVA3/JNseAX5asI4c4T4=
github.com/davecgh/go-spew v1.1.1 h1:vj9j/u1bqnvCEfJOwUhtlOARqs3+rkHYY13jYWTU97c=
github.com/davecgh/go-spew v1.1.1/go.mod h1:J7Y8YcW2NihsgmVo/mv3lAwl/skON4iLHjSsI+c5H38=
github.com/inconshreveable/mousetrap v1.0.0 h1:Z8tu5sraLXCXIcARxBp/8cbvlwVa7Z1NHg9XEKhtSvM=
github.com/inconshreveable/mousetrap v1.0.0/go.mod h1:PxqpIevigyE2G7u3NXJIT2ANytuPF1OarO4DADm73n8=
github.com/kortschak/utter v0.0.0-20180609113506-364ec7d7a8f4/go.mod h1:oDr41C7kH9wvAikWyFhr6UFr8R7nelpmCF5XR5rL7I8=
github.com/pmezard/go-difflib v1.0.0 h1:4DBwDE0NGyQoBHbLQYPwSUPoCMWR5BEzIk/f1lZbAQM=
github.com/pmezard/go-difflib v1.0.0/go.mod h1:iKH77koFhYxTK1pcRnkKkqfTogsbg7gZNVY4sRDYZ/4=
github.com/spf13/cobra v0.0.3 h1:ZlrZ4XsMRm04Fr5pSFxBgfND2EBVa1nLpiy1stUsX/8=
github.com/spf13/cobra v0.0.3/go.mod h1:1l0Ry5zgKvJasoi3XT1TypsSe7PqH0Sj9dhYf7v3XqQ=
github.com/spf13/pflag v1.0.3 h1:zPAT6CGy6wXeQ7NtTnaTerfKOsV6V6F8agHXFiazDkg=
github.com/spf13/pflag v1.0.3/go.mod h1:DYY7MBk1bdzusC3SYhjObp+wFpr4gzcvqqNjLnInEg4=
github.com/stretchr/testify v1.2.2 h1:bSDNvY7ZPG5RlJ8otE/7V6gMiyenm9RtJ7IUVIAoJ1w=
github.com/stretchr/testify v1.2.2/go.mod h1:a8OnRcib4nhh0OaRAV+Yts87kKdq0PP7pXfy6kDkUVs=
github.com/tealeg/xlsx v1.0.3/go.mod h1:uxu5UY2ovkuRPWKQ8Q7JG0JbSivrISjdPzZQKeo74mA=
github.com/tormoder/fit v0.2.0 h1:zEI0a5/nuSPRAvlkP/ve81wZ2v7Vy8/kub5S4/SditE=
github.com/tormoder/fit v0.2.0/go.mod h1:5O0ovMH6919s7/3FtGBrHmb15nCq0VFr47xyQEqgo8s=
github.com/tormoder/fit v0.2.1-0.20180902190813-138e630c34c2 h1:vBZBvOWCsH6jBDqUM52O4vehcqMKEBhM7DEr6oCUVaY=
github.com/tormoder/fit v0.2.1-0.20180902190813-138e630c34c2/go.mod h1:pTnlwt9expZHcuVDyrseUQ4gGxtKf6viZfs5CxYLK3w=
